// !$*UTF8*$!
{
	archiveVersion = 1;
	classes = {
	};
	objectVersion = 46;
	objects = {

/* Begin PBXFileReference section */
		2696030F137357B200EAFF26 /* aclocal.m4 */ = {isa = PBXFileReference; lastKnownFileType = text; path = aclocal.m4; sourceTree = "<group>"; };
		26960310137357B200EAFF26 /* config */ = {isa = PBXFileReference; lastKnownFileType = folder; path = config; sourceTree = "<group>"; };
		26960311137357B200EAFF26 /* config.h.in */ = {isa = PBXFileReference; lastKnownFileType = text; path = config.h.in; sourceTree = "<group>"; };
		26960312137357B200EAFF26 /* configure */ = {isa = PBXFileReference; lastKnownFileType = text.script.sh; path = configure; sourceTree = "<group>"; };
		26960313137357B200EAFF26 /* configure.ac */ = {isa = PBXFileReference; lastKnownFileType = text; path = configure.ac; sourceTree = "<group>"; };
		26960314137357B200EAFF26 /* doc */ = {isa = PBXFileReference; lastKnownFileType = folder; path = doc; sourceTree = "<group>"; };
		26960315137357B200EAFF26 /* include */ = {isa = PBXFileReference; lastKnownFileType = folder; path = include; sourceTree = "<group>"; };
		26960316137357B200EAFF26 /* LICENSE */ = {isa = PBXFileReference; lastKnownFileType = text; path = LICENSE; sourceTree = "<group>"; };
		26960317137357B200EAFF26 /* Makefile.am */ = {isa = PBXFileReference; lastKnownFileType = text; path = Makefile.am; sourceTree = "<group>"; };
		26960318137357B200EAFF26 /* Makefile.in */ = {isa = PBXFileReference; lastKnownFileType = text; path = Makefile.in; sourceTree = "<group>"; };
		26960319137357B200EAFF26 /* README */ = {isa = PBXFileReference; lastKnownFileType = text; path = README; sourceTree = "<group>"; };
		2696031A137357B200EAFF26 /* src */ = {isa = PBXFileReference; lastKnownFileType = folder; path = src; sourceTree = "<group>"; };
		2696031B137357B200EAFF26 /* tests */ = {isa = PBXFileReference; lastKnownFileType = folder; path = tests; sourceTree = "<group>"; };
		2696031C137357B200EAFF26 /* win32 */ = {isa = PBXFileReference; lastKnownFileType = folder; path = win32; sourceTree = "<group>"; };
/* End PBXFileReference section */

/* Begin PBXGroup section */
		26960307137357B200EAFF26 = {
			isa = PBXGroup;
			children = (
				2696030F137357B200EAFF26 /* aclocal.m4 */,
				26960310137357B200EAFF26 /* config */,
				26960311137357B200EAFF26 /* config.h.in */,
				26960312137357B200EAFF26 /* configure */,
				26960313137357B200EAFF26 /* configure.ac */,
				26960314137357B200EAFF26 /* doc */,
				26960315137357B200EAFF26 /* include */,
				26960316137357B200EAFF26 /* LICENSE */,
				26960317137357B200EAFF26 /* Makefile.am */,
				26960318137357B200EAFF26 /* Makefile.in */,
				26960319137357B200EAFF26 /* README */,
				2696031A137357B200EAFF26 /* src */,
				2696031B137357B200EAFF26 /* tests */,
				2696031C137357B200EAFF26 /* win32 */,
			);
			sourceTree = "<group>";
		};
/* End PBXGroup section */

/* Begin PBXLegacyTarget section */
		2696030E137357B200EAFF26 /* yaml-0.1.3 */ = {
			isa = PBXLegacyTarget;
			buildArgumentsString = "$(ACTION)";
			buildConfigurationList = 2696031D137357B200EAFF26 /* Build configuration list for PBXLegacyTarget "yaml-0.1.3" */;
			buildPhases = (
			);
			buildToolPath = /usr/bin/make;
			buildWorkingDirectory = "/Users/ecarrion/YAML.framework/YAML/yaml-0.1.3";
			dependencies = (
			);
			name = "yaml-0.1.3";
			passBuildSettingsInEnvironment = 1;
			productName = "yaml-0.1.3";
		};
/* End PBXLegacyTarget section */

/* Begin PBXProject section */
		26960309137357B200EAFF26 /* Project object */ = {
			isa = PBXProject;
			buildConfigurationList = 2696030C137357B200EAFF26 /* Build configuration list for PBXProject "yaml-0.1.3" */;
			compatibilityVersion = "Xcode 3.2";
			developmentRegion = English;
			hasScannedForEncodings = 0;
			knownRegions = (
				en,
			);
			mainGroup = 26960307137357B200EAFF26;
			projectDirPath = "";
			projectRoot = "";
			targets = (
				2696030E137357B200EAFF26 /* yaml-0.1.3 */,
			);
		};
/* End PBXProject section */

/* Begin XCBuildConfiguration section */
		2696030A137357B200EAFF26 /* Debug */ = {
			isa = XCBuildConfiguration;
			buildSettings = {
				ARCHS = "$(ARCHS_STANDARD_32_BIT)";
				COPY_PHASE_STRIP = NO;
				GCC_WARN_ABOUT_RETURN_TYPE = YES;
				GCC_WARN_UNUSED_VARIABLE = YES;
				ONLY_ACTIVE_ARCH = YES;
				SDKROOT = macosx10.6;
			};
			name = Debug;
		};
		2696030B137357B200EAFF26 /* Release */ = {
			isa = XCBuildConfiguration;
			buildSettings = {
				ARCHS = "$(ARCHS_STANDARD_32_BIT)";
				COPY_PHASE_STRIP = YES;
				GCC_WARN_ABOUT_RETURN_TYPE = YES;
				GCC_WARN_UNUSED_VARIABLE = YES;
				SDKROOT = macosx10.6;
			};
			name = Release;
		};
		2696031E137357B200EAFF26 /* Debug */ = {
			isa = XCBuildConfiguration;
			buildSettings = {
				COPY_PHASE_STRIP = NO;
				DEBUGGING_SYMBOLS = YES;
				GCC_DYNAMIC_NO_PIC = NO;
				GCC_ENABLE_FIX_AND_CONTINUE = YES;
				GCC_GENERATE_DEBUGGING_SYMBOLS = YES;
				GCC_OPTIMIZATION_LEVEL = 0;
				OTHER_CFLAGS = "";
				OTHER_LDFLAGS = "";
				PRODUCT_NAME = "yaml-0.1.3";
			};
			name = Debug;
		};
		2696031F137357B200EAFF26 /* Release */ = {
			isa = XCBuildConfiguration;
			buildSettings = {
				COPY_PHASE_STRIP = YES;
				DEBUG_INFORMATION_FORMAT = "dwarf-with-dsym";
				GCC_ENABLE_FIX_AND_CONTINUE = NO;
				OTHER_CFLAGS = "";
				OTHER_LDFLAGS = "";
				PRODUCT_NAME = "yaml-0.1.3";
			};
			name = Release;
		};
/* End XCBuildConfiguration section */

/* Begin XCConfigurationList section */
		2696030C137357B200EAFF26 /* Build configuration list for PBXProject "yaml-0.1.3" */ = {
			isa = XCConfigurationList;
			buildConfigurations = (
				2696030A137357B200EAFF26 /* Debug */,
				2696030B137357B200EAFF26 /* Release */,
			);
			defaultConfigurationIsVisible = 0;
			defaultConfigurationName = Release;
		};
		2696031D137357B200EAFF26 /* Build configuration list for PBXLegacyTarget "yaml-0.1.3" */ = {
			isa = XCConfigurationList;
			buildConfigurations = (
				2696031E137357B200EAFF26 /* Debug */,
				2696031F137357B200EAFF26 /* Release */,
			);
			defaultConfigurationIsVisible = 0;
			defaultConfigurationName = Release;
		};
/* End XCConfigurationList section */
	};
	rootObject = 26960309137357B200EAFF26 /* Project object */;
}
